PODS:
  - DinergateBrain (0.1.5)
  - PLCrashReporter (1.7.2)
  - SQLite.swift (0.12.2):
    - SQLite.swift/standard (= 0.12.2)
  - SQLite.swift/standard (0.12.2)

DEPENDENCIES:
  - DinergateBrain
  - PLCrashReporter
  - SQLite.swift

SPEC REPOS:
  trunk:
    - DinergateBrain
    - PLCrashReporter
    - SQLite.swift

SPEC CHECKSUMS:
  DinergateBrain: 08a73c0b7a2b450e307d3530f52bee726b0871ad
  PLCrashReporter: aab2bb5301bdc461a2006d657004fbcd748813b8
  SQLite.swift: d2b4642190917051ce6bd1d49aab565fe794eea3

PODFILE CHECKSUM: aa12ad4adfe3862fb563b5667f29ec962c469549

COCOAPODS: 1.10.0
