PODS:
  - DinergateBrain (0.1.0)
  - SQLite.swift (0.12.2):
    - SQLite.swift/standard (= 0.12.2)
  - SQLite.swift/standard (0.12.2)

DEPENDENCIES:
  - DinergateBrain (= 0.1.0)
  - SQLite.swift

SPEC REPOS:
  trunk:
    - DinergateBrain
    - SQLite.swift

SPEC CHECKSUMS:
  DinergateBrain: ba38aa22dcf4a460dad751f422141d2ce6afe0af
  SQLite.swift: d2b4642190917051ce6bd1d49aab565fe794eea3

PODFILE CHECKSUM: 8178ee434621f37f5f3439ef034d8657991d8d29

COCOAPODS: 1.9.3
