// !$*UTF8*$!
{
	archiveVersion = 1;
	classes = {
	};
	objectVersion = 50;
	objects = {

/* Begin PBXBuildFile section */
		F103CE3924EA3272005B6D86 /* RunLoopBlockEye.swift in Sources */ = {isa = PBXBuildFile; fileRef = F103CE3824EA3272005B6D86 /* RunLoopBlockEye.swift */; };
		F103CE6A24EA89E8005B6D86 /* DragableWindow.swift in Sources */ = {isa = PBXBuildFile; fileRef = F103CE6924EA89E8005B6D86 /* DragableWindow.swift */; };
		F103CE6C24EA8DC1005B6D86 /* FloatManager.swift in Sources */ = {isa = PBXBuildFile; fileRef = F103CE6B24EA8DC1005B6D86 /* FloatManager.swift */; };
		F103CE6E24EA8DE7005B6D86 /* FloatWindow.swift in Sources */ = {isa = PBXBuildFile; fileRef = F103CE6D24EA8DE7005B6D86 /* FloatWindow.swift */; };
		F103CE7124EA8F92005B6D86 /* GodsEye.swift in Sources */ = {isa = PBXBuildFile; fileRef = F103CE7024EA8F92005B6D86 /* GodsEye.swift */; };
		F103CE7524EA97AD005B6D86 /* EyeObservable.swift in Sources */ = {isa = PBXBuildFile; fileRef = F103CE7424EA97AD005B6D86 /* EyeObservable.swift */; };
		F103CE7724EB7D97005B6D86 /* EyeLog.swift in Sources */ = {isa = PBXBuildFile; fileRef = F103CE7624EB7D97005B6D86 /* EyeLog.swift */; };
		F159052724E6929E00BA5004 /* FPSEye.swift in Sources */ = {isa = PBXBuildFile; fileRef = F159052624E6929E00BA5004 /* FPSEye.swift */; };
		F159052924E699E700BA5004 /* EyeWeakTarget.swift in Sources */ = {isa = PBXBuildFile; fileRef = F159052824E699E700BA5004 /* EyeWeakTarget.swift */; };
		F17B86D724EBB56700F8F7FD /* FloatItemView.swift in Sources */ = {isa = PBXBuildFile; fileRef = F17B86D624EBB56700F8F7FD /* FloatItemView.swift */; };
		F17B86D924EBD10600F8F7FD /* FloatRootViewController.swift in Sources */ = {isa = PBXBuildFile; fileRef = F17B86D824EBD10600F8F7FD /* FloatRootViewController.swift */; };
		F17B86DB24EBDF8900F8F7FD /* CenterControl.swift in Sources */ = {isa = PBXBuildFile; fileRef = F17B86DA24EBDF8900F8F7FD /* CenterControl.swift */; };
		F1BA6ED224E633B800136F58 /* AppDelegate.swift in Sources */ = {isa = PBXBuildFile; fileRef = F1BA6ED124E633B800136F58 /* AppDelegate.swift */; };
		F1BA6ED624E633B800136F58 /* ViewController.swift in Sources */ = {isa = PBXBuildFile; fileRef = F1BA6ED524E633B800136F58 /* ViewController.swift */; };
		F1BA6ED924E633B800136F58 /* Main.storyboard in Resources */ = {isa = PBXBuildFile; fileRef = F1BA6ED724E633B800136F58 /* Main.storyboard */; };
		F1BA6EDB24E633BA00136F58 /* Assets.xcassets in Resources */ = {isa = PBXBuildFile; fileRef = F1BA6EDA24E633BA00136F58 /* Assets.xcassets */; };
		F1BA6EDE24E633BA00136F58 /* LaunchScreen.storyboard in Resources */ = {isa = PBXBuildFile; fileRef = F1BA6EDC24E633BA00136F58 /* LaunchScreen.storyboard */; };
		F1BA6EE924E633BB00136F58 /* APMDemoTests.swift in Sources */ = {isa = PBXBuildFile; fileRef = F1BA6EE824E633BB00136F58 /* APMDemoTests.swift */; };
		F1BA6F0124E6341300136F58 /* GodsEye.framework in Frameworks */ = {isa = PBXBuildFile; fileRef = F1BA6EF824E6341300136F58 /* GodsEye.framework */; };
		F1BA6F0824E6341300136F58 /* GodsEyeTests.swift in Sources */ = {isa = PBXBuildFile; fileRef = F1BA6F0724E6341300136F58 /* GodsEyeTests.swift */; };
		F1BA6F0A24E6341300136F58 /* GodsEye.h in Headers */ = {isa = PBXBuildFile; fileRef = F1BA6EFA24E6341300136F58 /* GodsEye.h */; settings = {ATTRIBUTES = (Public, ); }; };
		F1BA6F0D24E6341300136F58 /* GodsEye.framework in Frameworks */ = {isa = PBXBuildFile; fileRef = F1BA6EF824E6341300136F58 /* GodsEye.framework */; };
		F1BA6F0E24E6341300136F58 /* GodsEye.framework in Embed Frameworks */ = {isa = PBXBuildFile; fileRef = F1BA6EF824E6341300136F58 /* GodsEye.framework */; settings = {ATTRIBUTES = (CodeSignOnCopy, RemoveHeadersOnCopy, ); }; };
		F1BA6F1724E6342600136F58 /* CPUEye.swift in Sources */ = {isa = PBXBuildFile; fileRef = F1BA6F1624E6342600136F58 /* CPUEye.swift */; };
/* End PBXBuildFile section */

/* Begin PBXContainerItemProxy section */
		F1BA6EE524E633BB00136F58 /* PBXContainerItemProxy */ = {
			isa = PBXContainerItemProxy;
			containerPortal = F1BA6EC624E633B800136F58 /* Project object */;
			proxyType = 1;
			remoteGlobalIDString = F1BA6ECD24E633B800136F58;
			remoteInfo = APMDemo;
		};
		F1BA6F0224E6341300136F58 /* PBXContainerItemProxy */ = {
			isa = PBXContainerItemProxy;
			containerPortal = F1BA6EC624E633B800136F58 /* Project object */;
			proxyType = 1;
			remoteGlobalIDString = F1BA6EF724E6341300136F58;
			remoteInfo = GodsEye;
		};
		F1BA6F0424E6341300136F58 /* PBXContainerItemProxy */ = {
			isa = PBXContainerItemProxy;
			containerPortal = F1BA6EC624E633B800136F58 /* Project object */;
			proxyType = 1;
			remoteGlobalIDString = F1BA6ECD24E633B800136F58;
			remoteInfo = APMDemo;
		};
		F1BA6F0B24E6341300136F58 /* PBXContainerItemProxy */ = {
			isa = PBXContainerItemProxy;
			containerPortal = F1BA6EC624E633B800136F58 /* Project object */;
			proxyType = 1;
			remoteGlobalIDString = F1BA6EF724E6341300136F58;
			remoteInfo = GodsEye;
		};
/* End PBXContainerItemProxy section */

/* Begin PBXCopyFilesBuildPhase section */
		F1BA6F1224E6341300136F58 /* Embed Frameworks */ = {
			isa = PBXCopyFilesBuildPhase;
			buildActionMask = 2147483647;
			dstPath = "";
			dstSubfolderSpec = 10;
			files = (
				F1BA6F0E24E6341300136F58 /* GodsEye.framework in Embed Frameworks */,
			);
			name = "Embed Frameworks";
			runOnlyForDeploymentPostprocessing = 0;
		};
/* End PBXCopyFilesBuildPhase section */

/* Begin PBXFileReference section */
		F103CE3824EA3272005B6D86 /* RunLoopBlockEye.swift */ = {isa = PBXFileReference; lastKnownFileType = sourcecode.swift; path = RunLoopBlockEye.swift; sourceTree = "<group>"; };
		F103CE6924EA89E8005B6D86 /* DragableWindow.swift */ = {isa = PBXFileReference; lastKnownFileType = sourcecode.swift; path = DragableWindow.swift; sourceTree = "<group>"; };
		F103CE6B24EA8DC1005B6D86 /* FloatManager.swift */ = {isa = PBXFileReference; lastKnownFileType = sourcecode.swift; path = FloatManager.swift; sourceTree = "<group>"; };
		F103CE6D24EA8DE7005B6D86 /* FloatWindow.swift */ = {isa = PBXFileReference; lastKnownFileType = sourcecode.swift; path = FloatWindow.swift; sourceTree = "<group>"; };
		F103CE7024EA8F92005B6D86 /* GodsEye.swift */ = {isa = PBXFileReference; lastKnownFileType = sourcecode.swift; path = GodsEye.swift; sourceTree = "<group>"; };
		F103CE7424EA97AD005B6D86 /* EyeObservable.swift */ = {isa = PBXFileReference; lastKnownFileType = sourcecode.swift; path = EyeObservable.swift; sourceTree = "<group>"; };
		F103CE7624EB7D97005B6D86 /* EyeLog.swift */ = {isa = PBXFileReference; lastKnownFileType = sourcecode.swift; path = EyeLog.swift; sourceTree = "<group>"; };
		F159052624E6929E00BA5004 /* FPSEye.swift */ = {isa = PBXFileReference; lastKnownFileType = sourcecode.swift; path = FPSEye.swift; sourceTree = "<group>"; };
		F159052824E699E700BA5004 /* EyeWeakTarget.swift */ = {isa = PBXFileReference; lastKnownFileType = sourcecode.swift; path = EyeWeakTarget.swift; sourceTree = "<group>"; };
		F17B86D624EBB56700F8F7FD /* FloatItemView.swift */ = {isa = PBXFileReference; lastKnownFileType = sourcecode.swift; path = FloatItemView.swift; sourceTree = "<group>"; };
		F17B86D824EBD10600F8F7FD /* FloatRootViewController.swift */ = {isa = PBXFileReference; lastKnownFileType = sourcecode.swift; path = FloatRootViewController.swift; sourceTree = "<group>"; };
		F17B86DA24EBDF8900F8F7FD /* CenterControl.swift */ = {isa = PBXFileReference; lastKnownFileType = sourcecode.swift; path = CenterControl.swift; sourceTree = "<group>"; };
		F1BA6ECE24E633B800136F58 /* APMDemo.app */ = {isa = PBXFileReference; explicitFileType = wrapper.application; includeInIndex = 0; path = APMDemo.app; sourceTree = BUILT_PRODUCTS_DIR; };
		F1BA6ED124E633B800136F58 /* AppDelegate.swift */ = {isa = PBXFileReference; lastKnownFileType = sourcecode.swift; path = AppDelegate.swift; sourceTree = "<group>"; };
		F1BA6ED524E633B800136F58 /* ViewController.swift */ = {isa = PBXFileReference; lastKnownFileType = sourcecode.swift; path = ViewController.swift; sourceTree = "<group>"; };
		F1BA6ED824E633B800136F58 /* Base */ = {isa = PBXFileReference; lastKnownFileType = file.storyboard; name = Base; path = Base.lproj/Main.storyboard; sourceTree = "<group>"; };
		F1BA6EDA24E633BA00136F58 /* Assets.xcassets */ = {isa = PBXFileReference; lastKnownFileType = folder.assetcatalog; path = Assets.xcassets; sourceTree = "<group>"; };
		F1BA6EDD24E633BA00136F58 /* Base */ = {isa = PBXFileReference; lastKnownFileType = file.storyboard; name = Base; path = Base.lproj/LaunchScreen.storyboard; sourceTree = "<group>"; };
		F1BA6EDF24E633BA00136F58 /* Info.plist */ = {isa = PBXFileReference; lastKnownFileType = text.plist.xml; path = Info.plist; sourceTree = "<group>"; };
		F1BA6EE424E633BB00136F58 /* APMDemoTests.xctest */ = {isa = PBXFileReference; explicitFileType = wrapper.cfbundle; includeInIndex = 0; path = APMDemoTests.xctest; sourceTree = BUILT_PRODUCTS_DIR; };
		F1BA6EE824E633BB00136F58 /* APMDemoTests.swift */ = {isa = PBXFileReference; lastKnownFileType = sourcecode.swift; path = APMDemoTests.swift; sourceTree = "<group>"; };
		F1BA6EEA24E633BB00136F58 /* Info.plist */ = {isa = PBXFileReference; lastKnownFileType = text.plist.xml; path = Info.plist; sourceTree = "<group>"; };
		F1BA6EF824E6341300136F58 /* GodsEye.framework */ = {isa = PBXFileReference; explicitFileType = wrapper.framework; includeInIndex = 0; path = GodsEye.framework; sourceTree = BUILT_PRODUCTS_DIR; };
		F1BA6EFA24E6341300136F58 /* GodsEye.h */ = {isa = PBXFileReference; lastKnownFileType = sourcecode.c.h; path = GodsEye.h; sourceTree = "<group>"; };
		F1BA6EFB24E6341300136F58 /* Info.plist */ = {isa = PBXFileReference; lastKnownFileType = text.plist.xml; path = Info.plist; sourceTree = "<group>"; };
		F1BA6F0024E6341300136F58 /* GodsEyeTests.xctest */ = {isa = PBXFileReference; explicitFileType = wrapper.cfbundle; includeInIndex = 0; path = GodsEyeTests.xctest; sourceTree = BUILT_PRODUCTS_DIR; };
		F1BA6F0724E6341300136F58 /* GodsEyeTests.swift */ = {isa = PBXFileReference; lastKnownFileType = sourcecode.swift; path = GodsEyeTests.swift; sourceTree = "<group>"; };
		F1BA6F0924E6341300136F58 /* Info.plist */ = {isa = PBXFileReference; lastKnownFileType = text.plist.xml; path = Info.plist; sourceTree = "<group>"; };
		F1BA6F1624E6342600136F58 /* CPUEye.swift */ = {isa = PBXFileReference; lastKnownFileType = sourcecode.swift; path = CPUEye.swift; sourceTree = "<group>"; };
/* End PBXFileReference section */

/* Begin PBXFrameworksBuildPhase section */
		F1BA6ECB24E633B800136F58 /* Frameworks */ = {
			isa = PBXFrameworksBuildPhase;
			buildActionMask = 2147483647;
			files = (
				F1BA6F0D24E6341300136F58 /* GodsEye.framework in Frameworks */,
			);
			runOnlyForDeploymentPostprocessing = 0;
		};
		F1BA6EE124E633BB00136F58 /* Frameworks */ = {
			isa = PBXFrameworksBuildPhase;
			buildActionMask = 2147483647;
			files = (
			);
			runOnlyForDeploymentPostprocessing = 0;
		};
		F1BA6EF524E6341300136F58 /* Frameworks */ = {
			isa = PBXFrameworksBuildPhase;
			buildActionMask = 2147483647;
			files = (
			);
			runOnlyForDeploymentPostprocessing = 0;
		};
		F1BA6EFD24E6341300136F58 /* Frameworks */ = {
			isa = PBXFrameworksBuildPhase;
			buildActionMask = 2147483647;
			files = (
				F1BA6F0124E6341300136F58 /* GodsEye.framework in Frameworks */,
			);
			runOnlyForDeploymentPostprocessing = 0;
		};
/* End PBXFrameworksBuildPhase section */

/* Begin PBXGroup section */
		F103CE6824EA899A005B6D86 /* Window */ = {
			isa = PBXGroup;
			children = (
				F103CE6B24EA8DC1005B6D86 /* FloatManager.swift */,
				F103CE6D24EA8DE7005B6D86 /* FloatWindow.swift */,
				F17B86D824EBD10600F8F7FD /* FloatRootViewController.swift */,
				F17B86D624EBB56700F8F7FD /* FloatItemView.swift */,
			);
			path = Window;
			sourceTree = "<group>";
		};
		F103CE6F24EA8F70005B6D86 /* Eyes */ = {
			isa = PBXGroup;
			children = (
				F1BA6F1624E6342600136F58 /* CPUEye.swift */,
				F159052624E6929E00BA5004 /* FPSEye.swift */,
				F103CE3824EA3272005B6D86 /* RunLoopBlockEye.swift */,
			);
			name = Eyes;
			sourceTree = "<group>";
		};
		F103CE7324EA9793005B6D86 /* Tools */ = {
			isa = PBXGroup;
			children = (
				F17B86DA24EBDF8900F8F7FD /* CenterControl.swift */,
				F103CE6924EA89E8005B6D86 /* DragableWindow.swift */,
				F159052824E699E700BA5004 /* EyeWeakTarget.swift */,
				F103CE7424EA97AD005B6D86 /* EyeObservable.swift */,
				F103CE7624EB7D97005B6D86 /* EyeLog.swift */,
			);
			path = Tools;
			sourceTree = "<group>";
		};
		F1BA6EC524E633B800136F58 = {
			isa = PBXGroup;
			children = (
				F1BA6ED024E633B800136F58 /* APMDemo */,
				F1BA6EE724E633BB00136F58 /* APMDemoTests */,
				F1BA6EF924E6341300136F58 /* GodsEye */,
				F1BA6F0624E6341300136F58 /* GodsEyeTests */,
				F1BA6ECF24E633B800136F58 /* Products */,
			);
			sourceTree = "<group>";
		};
		F1BA6ECF24E633B800136F58 /* Products */ = {
			isa = PBXGroup;
			children = (
				F1BA6ECE24E633B800136F58 /* APMDemo.app */,
				F1BA6EE424E633BB00136F58 /* APMDemoTests.xctest */,
				F1BA6EF824E6341300136F58 /* GodsEye.framework */,
				F1BA6F0024E6341300136F58 /* GodsEyeTests.xctest */,
			);
			name = Products;
			sourceTree = "<group>";
		};
		F1BA6ED024E633B800136F58 /* APMDemo */ = {
			isa = PBXGroup;
			children = (
				F1BA6ED124E633B800136F58 /* AppDelegate.swift */,
				F1BA6ED524E633B800136F58 /* ViewController.swift */,
				F1BA6ED724E633B800136F58 /* Main.storyboard */,
				F1BA6EDA24E633BA00136F58 /* Assets.xcassets */,
				F1BA6EDC24E633BA00136F58 /* LaunchScreen.storyboard */,
				F1BA6EDF24E633BA00136F58 /* Info.plist */,
			);
			path = APMDemo;
			sourceTree = "<group>";
		};
		F1BA6EE724E633BB00136F58 /* APMDemoTests */ = {
			isa = PBXGroup;
			children = (
				F1BA6EE824E633BB00136F58 /* APMDemoTests.swift */,
				F1BA6EEA24E633BB00136F58 /* Info.plist */,
			);
			path = APMDemoTests;
			sourceTree = "<group>";
		};
		F1BA6EF924E6341300136F58 /* GodsEye */ = {
			isa = PBXGroup;
			children = (
				F1BA6EFA24E6341300136F58 /* GodsEye.h */,
				F1BA6EFB24E6341300136F58 /* Info.plist */,
				F103CE7024EA8F92005B6D86 /* GodsEye.swift */,
				F103CE6824EA899A005B6D86 /* Window */,
				F103CE6F24EA8F70005B6D86 /* Eyes */,
				F103CE7324EA9793005B6D86 /* Tools */,
			);
			path = GodsEye;
			sourceTree = "<group>";
		};
		F1BA6F0624E6341300136F58 /* GodsEyeTests */ = {
			isa = PBXGroup;
			children = (
				F1BA6F0724E6341300136F58 /* GodsEyeTests.swift */,
				F1BA6F0924E6341300136F58 /* Info.plist */,
			);
			path = GodsEyeTests;
			sourceTree = "<group>";
		};
/* End PBXGroup section */

/* Begin PBXHeadersBuildPhase section */
		F1BA6EF324E6341300136F58 /* Headers */ = {
			isa = PBXHeadersBuildPhase;
			buildActionMask = 2147483647;
			files = (
				F1BA6F0A24E6341300136F58 /* GodsEye.h in Headers */,
			);
			runOnlyForDeploymentPostprocessing = 0;
		};
/* End PBXHeadersBuildPhase section */

/* Begin PBXNativeTarget section */
		F1BA6ECD24E633B800136F58 /* APMDemo */ = {
			isa = PBXNativeTarget;
			buildConfigurationList = F1BA6EED24E633BB00136F58 /* Build configuration list for PBXNativeTarget "APMDemo" */;
			buildPhases = (
				F1BA6ECA24E633B800136F58 /* Sources */,
				F1BA6ECB24E633B800136F58 /* Frameworks */,
				F1BA6ECC24E633B800136F58 /* Resources */,
				F1BA6F1224E6341300136F58 /* Embed Frameworks */,
			);
			buildRules = (
			);
			dependencies = (
				F1BA6F0C24E6341300136F58 /* PBXTargetDependency */,
			);
			name = APMDemo;
			productName = APMDemo;
			productReference = F1BA6ECE24E633B800136F58 /* APMDemo.app */;
			productType = "com.apple.product-type.application";
		};
		F1BA6EE324E633BB00136F58 /* APMDemoTests */ = {
			isa = PBXNativeTarget;
			buildConfigurationList = F1BA6EF024E633BB00136F58 /* Build configuration list for PBXNativeTarget "APMDemoTests" */;
			buildPhases = (
				F1BA6EE024E633BB00136F58 /* Sources */,
				F1BA6EE124E633BB00136F58 /* Frameworks */,
				F1BA6EE224E633BB00136F58 /* Resources */,
			);
			buildRules = (
			);
			dependencies = (
				F1BA6EE624E633BB00136F58 /* PBXTargetDependency */,
			);
			name = APMDemoTests;
			productName = APMDemoTests;
			productReference = F1BA6EE424E633BB00136F58 /* APMDemoTests.xctest */;
			productType = "com.apple.product-type.bundle.unit-test";
		};
		F1BA6EF724E6341300136F58 /* GodsEye */ = {
			isa = PBXNativeTarget;
			buildConfigurationList = F1BA6F0F24E6341300136F58 /* Build configuration list for PBXNativeTarget "GodsEye" */;
			buildPhases = (
				F1BA6EF324E6341300136F58 /* Headers */,
				F1BA6EF424E6341300136F58 /* Sources */,
				F1BA6EF524E6341300136F58 /* Frameworks */,
				F1BA6EF624E6341300136F58 /* Resources */,
			);
			buildRules = (
			);
			dependencies = (
			);
			name = GodsEye;
			productName = GodsEye;
			productReference = F1BA6EF824E6341300136F58 /* GodsEye.framework */;
			productType = "com.apple.product-type.framework";
		};
		F1BA6EFF24E6341300136F58 /* GodsEyeTests */ = {
			isa = PBXNativeTarget;
			buildConfigurationList = F1BA6F1324E6341300136F58 /* Build configuration list for PBXNativeTarget "GodsEyeTests" */;
			buildPhases = (
				F1BA6EFC24E6341300136F58 /* Sources */,
				F1BA6EFD24E6341300136F58 /* Frameworks */,
				F1BA6EFE24E6341300136F58 /* Resources */,
			);
			buildRules = (
			);
			dependencies = (
				F1BA6F0324E6341300136F58 /* PBXTargetDependency */,
				F1BA6F0524E6341300136F58 /* PBXTargetDependency */,
			);
			name = GodsEyeTests;
			productName = GodsEyeTests;
			productReference = F1BA6F0024E6341300136F58 /* GodsEyeTests.xctest */;
			productType = "com.apple.product-type.bundle.unit-test";
		};
/* End PBXNativeTarget section */

/* Begin PBXProject section */
		F1BA6EC624E633B800136F58 /* Project object */ = {
			isa = PBXProject;
			attributes = {
				LastSwiftUpdateCheck = 1150;
				LastUpgradeCheck = 1150;
				ORGANIZATIONNAME = ChaselAn;
				TargetAttributes = {
					F1BA6ECD24E633B800136F58 = {
						CreatedOnToolsVersion = 11.5;
					};
					F1BA6EE324E633BB00136F58 = {
						CreatedOnToolsVersion = 11.5;
						TestTargetID = F1BA6ECD24E633B800136F58;
					};
					F1BA6EF724E6341300136F58 = {
						CreatedOnToolsVersion = 11.5;
						LastSwiftMigration = 1150;
					};
					F1BA6EFF24E6341300136F58 = {
						CreatedOnToolsVersion = 11.5;
						TestTargetID = F1BA6ECD24E633B800136F58;
					};
				};
			};
			buildConfigurationList = F1BA6EC924E633B800136F58 /* Build configuration list for PBXProject "APMDemo" */;
			compatibilityVersion = "Xcode 9.3";
			developmentRegion = en;
			hasScannedForEncodings = 0;
			knownRegions = (
				en,
				Base,
			);
			mainGroup = F1BA6EC524E633B800136F58;
			productRefGroup = F1BA6ECF24E633B800136F58 /* Products */;
			projectDirPath = "";
			projectRoot = "";
			targets = (
				F1BA6ECD24E633B800136F58 /* APMDemo */,
				F1BA6EE324E633BB00136F58 /* APMDemoTests */,
				F1BA6EF724E6341300136F58 /* GodsEye */,
				F1BA6EFF24E6341300136F58 /* GodsEyeTests */,
			);
		};
/* End PBXProject section */

/* Begin PBXResourcesBuildPhase section */
		F1BA6ECC24E633B800136F58 /* Resources */ = {
			isa = PBXResourcesBuildPhase;
			buildActionMask = 2147483647;
			files = (
				F1BA6EDE24E633BA00136F58 /* LaunchScreen.storyboard in Resources */,
				F1BA6EDB24E633BA00136F58 /* Assets.xcassets in Resources */,
				F1BA6ED924E633B800136F58 /* Main.storyboard in Resources */,
			);
			runOnlyForDeploymentPostprocessing = 0;
		};
		F1BA6EE224E633BB00136F58 /* Resources */ = {
			isa = PBXResourcesBuildPhase;
			buildActionMask = 2147483647;
			files = (
			);
			runOnlyForDeploymentPostprocessing = 0;
		};
		F1BA6EF624E6341300136F58 /* Resources */ = {
			isa = PBXResourcesBuildPhase;
			buildActionMask = 2147483647;
			files = (
			);
			runOnlyForDeploymentPostprocessing = 0;
		};
		F1BA6EFE24E6341300136F58 /* Resources */ = {
			isa = PBXResourcesBuildPhase;
			buildActionMask = 2147483647;
			files = (
			);
			runOnlyForDeploymentPostprocessing = 0;
		};
/* End PBXResourcesBuildPhase section */

/* Begin PBXSourcesBuildPhase section */
		F1BA6ECA24E633B800136F58 /* Sources */ = {
			isa = PBXSourcesBuildPhase;
			buildActionMask = 2147483647;
			files = (
				F1BA6ED624E633B800136F58 /* ViewController.swift in Sources */,
				F1BA6ED224E633B800136F58 /* AppDelegate.swift in Sources */,
			);
			runOnlyForDeploymentPostprocessing = 0;
		};
		F1BA6EE024E633BB00136F58 /* Sources */ = {
			isa = PBXSourcesBuildPhase;
			buildActionMask = 2147483647;
			files = (
				F1BA6EE924E633BB00136F58 /* APMDemoTests.swift in Sources */,
			);
			runOnlyForDeploymentPostprocessing = 0;
		};
		F1BA6EF424E6341300136F58 /* Sources */ = {
			isa = PBXSourcesBuildPhase;
			buildActionMask = 2147483647;
			files = (
				F103CE7124EA8F92005B6D86 /* GodsEye.swift in Sources */,
				F159052924E699E700BA5004 /* EyeWeakTarget.swift in Sources */,
				F17B86D724EBB56700F8F7FD /* FloatItemView.swift in Sources */,
				F103CE3924EA3272005B6D86 /* RunLoopBlockEye.swift in Sources */,
				F1BA6F1724E6342600136F58 /* CPUEye.swift in Sources */,
				F17B86DB24EBDF8900F8F7FD /* CenterControl.swift in Sources */,
				F17B86D924EBD10600F8F7FD /* FloatRootViewController.swift in Sources */,
				F103CE7524EA97AD005B6D86 /* EyeObservable.swift in Sources */,
				F103CE6A24EA89E8005B6D86 /* DragableWindow.swift in Sources */,
				F103CE6C24EA8DC1005B6D86 /* FloatManager.swift in Sources */,
				F159052724E6929E00BA5004 /* FPSEye.swift in Sources */,
				F103CE7724EB7D97005B6D86 /* EyeLog.swift in Sources */,
				F103CE6E24EA8DE7005B6D86 /* FloatWindow.swift in Sources */,
			);
			runOnlyForDeploymentPostprocessing = 0;
		};
		F1BA6EFC24E6341300136F58 /* Sources */ = {
			isa = PBXSourcesBuildPhase;
			buildActionMask = 2147483647;
			files = (
				F1BA6F0824E6341300136F58 /* GodsEyeTests.swift in Sources */,
			);
			runOnlyForDeploymentPostprocessing = 0;
		};
/* End PBXSourcesBuildPhase section */

/* Begin PBXTargetDependency section */
		F1BA6EE624E633BB00136F58 /* PBXTargetDependency */ = {
			isa = PBXTargetDependency;
			target = F1BA6ECD24E633B800136F58 /* APMDemo */;
			targetProxy = F1BA6EE524E633BB00136F58 /* PBXContainerItemProxy */;
		};
		F1BA6F0324E6341300136F58 /* PBXTargetDependency */ = {
			isa = PBXTargetDependency;
			target = F1BA6EF724E6341300136F58 /* GodsEye */;
			targetProxy = F1BA6F0224E6341300136F58 /* PBXContainerItemProxy */;
		};
		F1BA6F0524E6341300136F58 /* PBXTargetDependency */ = {
			isa = PBXTargetDependency;
			target = F1BA6ECD24E633B800136F58 /* APMDemo */;
			targetProxy = F1BA6F0424E6341300136F58 /* PBXContainerItemProxy */;
		};
		F1BA6F0C24E6341300136F58 /* PBXTargetDependency */ = {
			isa = PBXTargetDependency;
			target = F1BA6EF724E6341300136F58 /* GodsEye */;
			targetProxy = F1BA6F0B24E6341300136F58 /* PBXContainerItemProxy */;
		};
/* End PBXTargetDependency section */

/* Begin PBXVariantGroup section */
		F1BA6ED724E633B800136F58 /* Main.storyboard */ = {
			isa = PBXVariantGroup;
			children = (
				F1BA6ED824E633B800136F58 /* Base */,
			);
			name = Main.storyboard;
			sourceTree = "<group>";
		};
		F1BA6EDC24E633BA00136F58 /* LaunchScreen.storyboard */ = {
			isa = PBXVariantGroup;
			children = (
				F1BA6EDD24E633BA00136F58 /* Base */,
			);
			name = LaunchScreen.storyboard;
			sourceTree = "<group>";
		};
/* End PBXVariantGroup section */

/* Begin XCBuildConfiguration section */
		F1BA6EEB24E633BB00136F58 /* Debug */ = {
			isa = XCBuildConfiguration;
			buildSettings = {
				ALWAYS_SEARCH_USER_PATHS = NO;
				CLANG_ANALYZER_NONNULL = YES;
				CLANG_ANALYZER_NUMBER_OBJECT_CONVERSION = YES_AGGRESSIVE;
				CLANG_CXX_LANGUAGE_STANDARD = "gnu++14";
				CLANG_CXX_LIBRARY = "libc++";
				CLANG_ENABLE_MODULES = YES;
				CLANG_ENABLE_OBJC_ARC = YES;
				CLANG_ENABLE_OBJC_WEAK = YES;
				CLANG_WARN_BLOCK_CAPTURE_AUTORELEASING = YES;
				CLANG_WARN_BOOL_CONVERSION = YES;
				CLANG_WARN_COMMA = YES;
				CLANG_WARN_CONSTANT_CONVERSION = YES;
				CLANG_WARN_DEPRECATED_OBJC_IMPLEMENTATIONS = YES;
				CLANG_WARN_DIRECT_OBJC_ISA_USAGE = YES_ERROR;
				CLANG_WARN_DOCUMENTATION_COMMENTS = YES;
				CLANG_WARN_EMPTY_BODY = YES;
				CLANG_WARN_ENUM_CONVERSION = YES;
				CLANG_WARN_INFINITE_RECURSION = YES;
				CLANG_WARN_INT_CONVERSION = YES;
				CLANG_WARN_NON_LITERAL_NULL_CONVERSION = YES;
				CLANG_WARN_OBJC_IMPLICIT_RETAIN_SELF = YES;
				CLANG_WARN_OBJC_LITERAL_CONVERSION = YES;
				CLANG_WARN_OBJC_ROOT_CLASS = YES_ERROR;
				CLANG_WARN_RANGE_LOOP_ANALYSIS = YES;
				CLANG_WARN_STRICT_PROTOTYPES = YES;
				CLANG_WARN_SUSPICIOUS_MOVE = YES;
				CLANG_WARN_UNGUARDED_AVAILABILITY = YES_AGGRESSIVE;
				CLANG_WARN_UNREACHABLE_CODE = YES;
				CLANG_WARN__DUPLICATE_METHOD_MATCH = YES;
				COPY_PHASE_STRIP = NO;
				DEBUG_INFORMATION_FORMAT = dwarf;
				ENABLE_STRICT_OBJC_MSGSEND = YES;
				ENABLE_TESTABILITY = YES;
				GCC_C_LANGUAGE_STANDARD = gnu11;
				GCC_DYNAMIC_NO_PIC = NO;
				GCC_NO_COMMON_BLOCKS = YES;
				GCC_OPTIMIZATION_LEVEL = 0;
				GCC_PREPROCESSOR_DEFINITIONS = (
					"DEBUG=1",
					"$(inherited)",
				);
				GCC_WARN_64_TO_32_BIT_CONVERSION = YES;
				GCC_WARN_ABOUT_RETURN_TYPE = YES_ERROR;
				GCC_WARN_UNDECLARED_SELECTOR = YES;
				GCC_WARN_UNINITIALIZED_AUTOS = YES_AGGRESSIVE;
				GCC_WARN_UNUSED_FUNCTION = YES;
				GCC_WARN_UNUSED_VARIABLE = YES;
				IPHONEOS_DEPLOYMENT_TARGET = 13.5;
				MTL_ENABLE_DEBUG_INFO = INCLUDE_SOURCE;
				MTL_FAST_MATH = YES;
				ONLY_ACTIVE_ARCH = YES;
				SDKROOT = iphoneos;
				SWIFT_ACTIVE_COMPILATION_CONDITIONS = DEBUG;
				SWIFT_OPTIMIZATION_LEVEL = "-Onone";
			};
			name = Debug;
		};
		F1BA6EEC24E633BB00136F58 /* Release */ = {
			isa = XCBuildConfiguration;
			buildSettings = {
				ALWAYS_SEARCH_USER_PATHS = NO;
				CLANG_ANALYZER_NONNULL = YES;
				CLANG_ANALYZER_NUMBER_OBJECT_CONVERSION = YES_AGGRESSIVE;
				CLANG_CXX_LANGUAGE_STANDARD = "gnu++14";
				CLANG_CXX_LIBRARY = "libc++";
				CLANG_ENABLE_MODULES = YES;
				CLANG_ENABLE_OBJC_ARC = YES;
				CLANG_ENABLE_OBJC_WEAK = YES;
				CLANG_WARN_BLOCK_CAPTURE_AUTORELEASING = YES;
				CLANG_WARN_BOOL_CONVERSION = YES;
				CLANG_WARN_COMMA = YES;
				CLANG_WARN_CONSTANT_CONVERSION = YES;
				CLANG_WARN_DEPRECATED_OBJC_IMPLEMENTATIONS = YES;
				CLANG_WARN_DIRECT_OBJC_ISA_USAGE = YES_ERROR;
				CLANG_WARN_DOCUMENTATION_COMMENTS = YES;
				CLANG_WARN_EMPTY_BODY = YES;
				CLANG_WARN_ENUM_CONVERSION = YES;
				CLANG_WARN_INFINITE_RECURSION = YES;
				CLANG_WARN_INT_CONVERSION = YES;
				CLANG_WARN_NON_LITERAL_NULL_CONVERSION = YES;
				CLANG_WARN_OBJC_IMPLICIT_RETAIN_SELF = YES;
				CLANG_WARN_OBJC_LITERAL_CONVERSION = YES;
				CLANG_WARN_OBJC_ROOT_CLASS = YES_ERROR;
				CLANG_WARN_RANGE_LOOP_ANALYSIS = YES;
				CLANG_WARN_STRICT_PROTOTYPES = YES;
				CLANG_WARN_SUSPICIOUS_MOVE = YES;
				CLANG_WARN_UNGUARDED_AVAILABILITY = YES_AGGRESSIVE;
				CLANG_WARN_UNREACHABLE_CODE = YES;
				CLANG_WARN__DUPLICATE_METHOD_MATCH = YES;
				COPY_PHASE_STRIP = NO;
				DEBUG_INFORMATION_FORMAT = "dwarf-with-dsym";
				ENABLE_NS_ASSERTIONS = NO;
				ENABLE_STRICT_OBJC_MSGSEND = YES;
				GCC_C_LANGUAGE_STANDARD = gnu11;
				GCC_NO_COMMON_BLOCKS = YES;
				GCC_WARN_64_TO_32_BIT_CONVERSION = YES;
				GCC_WARN_ABOUT_RETURN_TYPE = YES_ERROR;
				GCC_WARN_UNDECLARED_SELECTOR = YES;
				GCC_WARN_UNINITIALIZED_AUTOS = YES_AGGRESSIVE;
				GCC_WARN_UNUSED_FUNCTION = YES;
				GCC_WARN_UNUSED_VARIABLE = YES;
				IPHONEOS_DEPLOYMENT_TARGET = 13.5;
				MTL_ENABLE_DEBUG_INFO = NO;
				MTL_FAST_MATH = YES;
				SDKROOT = iphoneos;
				SWIFT_COMPILATION_MODE = wholemodule;
				SWIFT_OPTIMIZATION_LEVEL = "-O";
				VALIDATE_PRODUCT = YES;
			};
			name = Release;
		};
		F1BA6EEE24E633BB00136F58 /* Debug */ = {
			isa = XCBuildConfiguration;
			buildSettings = {
				ALWAYS_EMBED_SWIFT_STANDARD_LIBRARIES = YES;
				ASSETCATALOG_COMPILER_APPICON_NAME = AppIcon;
				CODE_SIGN_STYLE = Automatic;
				DEVELOPMENT_TEAM = GY6E74AYN5;
				INFOPLIST_FILE = APMDemo/Info.plist;
				IPHONEOS_DEPLOYMENT_TARGET = 9.0;
				LD_RUNPATH_SEARCH_PATHS = (
					"$(inherited)",
					"@executable_path/Frameworks",
				);
				PRODUCT_BUNDLE_IDENTIFIER = com.ChaselAn.APMDemo;
				PRODUCT_NAME = "$(TARGET_NAME)";
				SWIFT_VERSION = 5.0;
				TARGETED_DEVICE_FAMILY = "1,2";
			};
			name = Debug;
		};
		F1BA6EEF24E633BB00136F58 /* Release */ = {
			isa = XCBuildConfiguration;
			buildSettings = {
				ALWAYS_EMBED_SWIFT_STANDARD_LIBRARIES = YES;
				ASSETCATALOG_COMPILER_APPICON_NAME = AppIcon;
				CODE_SIGN_STYLE = Automatic;
				DEVELOPMENT_TEAM = GY6E74AYN5;
				INFOPLIST_FILE = APMDemo/Info.plist;
				IPHONEOS_DEPLOYMENT_TARGET = 9.0;
				LD_RUNPATH_SEARCH_PATHS = (
					"$(inherited)",
					"@executable_path/Frameworks",
				);
				PRODUCT_BUNDLE_IDENTIFIER = com.ChaselAn.APMDemo;
				PRODUCT_NAME = "$(TARGET_NAME)";
				SWIFT_VERSION = 5.0;
				TARGETED_DEVICE_FAMILY = "1,2";
			};
			name = Release;
		};
		F1BA6EF124E633BB00136F58 /* Debug */ = {
			isa = XCBuildConfiguration;
			buildSettings = {
				ALWAYS_EMBED_SWIFT_STANDARD_LIBRARIES = YES;
				BUNDLE_LOADER = "$(TEST_HOST)";
				CODE_SIGN_STYLE = Automatic;
				DEVELOPMENT_TEAM = GY6E74AYN5;
				INFOPLIST_FILE = APMDemoTests/Info.plist;
				IPHONEOS_DEPLOYMENT_TARGET = 13.5;
				LD_RUNPATH_SEARCH_PATHS = (
					"$(inherited)",
					"@executable_path/Frameworks",
					"@loader_path/Frameworks",
				);
				PRODUCT_BUNDLE_IDENTIFIER = com.ChaselAn.APMDemoTests;
				PRODUCT_NAME = "$(TARGET_NAME)";
				SWIFT_VERSION = 5.0;
				TARGETED_DEVICE_FAMILY = "1,2";
				TEST_HOST = "$(BUILT_PRODUCTS_DIR)/APMDemo.app/APMDemo";
			};
			name = Debug;
		};
		F1BA6EF224E633BB00136F58 /* Release */ = {
			isa = XCBuildConfiguration;
			buildSettings = {
				ALWAYS_EMBED_SWIFT_STANDARD_LIBRARIES = YES;
				BUNDLE_LOADER = "$(TEST_HOST)";
				CODE_SIGN_STYLE = Automatic;
				DEVELOPMENT_TEAM = GY6E74AYN5;
				INFOPLIST_FILE = APMDemoTests/Info.plist;
				IPHONEOS_DEPLOYMENT_TARGET = 13.5;
				LD_RUNPATH_SEARCH_PATHS = (
					"$(inherited)",
					"@executable_path/Frameworks",
					"@loader_path/Frameworks",
				);
				PRODUCT_BUNDLE_IDENTIFIER = com.ChaselAn.APMDemoTests;
				PRODUCT_NAME = "$(TARGET_NAME)";
				SWIFT_VERSION = 5.0;
				TARGETED_DEVICE_FAMILY = "1,2";
				TEST_HOST = "$(BUILT_PRODUCTS_DIR)/APMDemo.app/APMDemo";
			};
			name = Release;
		};
		F1BA6F1024E6341300136F58 /* Debug */ = {
			isa = XCBuildConfiguration;
			buildSettings = {
				CLANG_ENABLE_MODULES = YES;
				CODE_SIGN_STYLE = Automatic;
				CURRENT_PROJECT_VERSION = 1;
				DEFINES_MODULE = YES;
				DEVELOPMENT_TEAM = GY6E74AYN5;
				DYLIB_COMPATIBILITY_VERSION = 1;
				DYLIB_CURRENT_VERSION = 1;
				DYLIB_INSTALL_NAME_BASE = "@rpath";
				INFOPLIST_FILE = GodsEye/Info.plist;
				INSTALL_PATH = "$(LOCAL_LIBRARY_DIR)/Frameworks";
				IPHONEOS_DEPLOYMENT_TARGET = 9.0;
				LD_RUNPATH_SEARCH_PATHS = (
					"$(inherited)",
					"@executable_path/Frameworks",
					"@loader_path/Frameworks",
				);
				PRODUCT_BUNDLE_IDENTIFIER = com.ChaselAn.GodsEye;
				PRODUCT_NAME = "$(TARGET_NAME:c99extidentifier)";
				SKIP_INSTALL = YES;
				SWIFT_OPTIMIZATION_LEVEL = "-Onone";
				SWIFT_VERSION = 5.0;
				TARGETED_DEVICE_FAMILY = "1,2";
				VERSIONING_SYSTEM = "apple-generic";
				VERSION_INFO_PREFIX = "";
			};
			name = Debug;
		};
		F1BA6F1124E6341300136F58 /* Release */ = {
			isa = XCBuildConfiguration;
			buildSettings = {
				CLANG_ENABLE_MODULES = YES;
				CODE_SIGN_STYLE = Automatic;
				CURRENT_PROJECT_VERSION = 1;
				DEFINES_MODULE = YES;
				DEVELOPMENT_TEAM = GY6E74AYN5;
				DYLIB_COMPATIBILITY_VERSION = 1;
				DYLIB_CURRENT_VERSION = 1;
				DYLIB_INSTALL_NAME_BASE = "@rpath";
				INFOPLIST_FILE = GodsEye/Info.plist;
				INSTALL_PATH = "$(LOCAL_LIBRARY_DIR)/Frameworks";
				IPHONEOS_DEPLOYMENT_TARGET = 9.0;
				LD_RUNPATH_SEARCH_PATHS = (
					"$(inherited)",
					"@executable_path/Frameworks",
					"@loader_path/Frameworks",
				);
				PRODUCT_BUNDLE_IDENTIFIER = com.ChaselAn.GodsEye;
				PRODUCT_NAME = "$(TARGET_NAME:c99extidentifier)";
				SKIP_INSTALL = YES;
				SWIFT_VERSION = 5.0;
				TARGETED_DEVICE_FAMILY = "1,2";
				VERSIONING_SYSTEM = "apple-generic";
				VERSION_INFO_PREFIX = "";
			};
			name = Release;
		};
		F1BA6F1424E6341300136F58 /* Debug */ = {
			isa = XCBuildConfiguration;
			buildSettings = {
				ALWAYS_EMBED_SWIFT_STANDARD_LIBRARIES = YES;
				CODE_SIGN_STYLE = Automatic;
				DEVELOPMENT_TEAM = GY6E74AYN5;
				INFOPLIST_FILE = GodsEyeTests/Info.plist;
				LD_RUNPATH_SEARCH_PATHS = (
					"$(inherited)",
					"@executable_path/Frameworks",
					"@loader_path/Frameworks",
				);
				PRODUCT_BUNDLE_IDENTIFIER = com.ChaselAn.GodsEyeTests;
				PRODUCT_NAME = "$(TARGET_NAME)";
				SWIFT_VERSION = 5.0;
				TARGETED_DEVICE_FAMILY = "1,2";
				TEST_HOST = "$(BUILT_PRODUCTS_DIR)/APMDemo.app/APMDemo";
			};
			name = Debug;
		};
		F1BA6F1524E6341300136F58 /* Release */ = {
			isa = XCBuildConfiguration;
			buildSettings = {
				ALWAYS_EMBED_SWIFT_STANDARD_LIBRARIES = YES;
				CODE_SIGN_STYLE = Automatic;
				DEVELOPMENT_TEAM = GY6E74AYN5;
				INFOPLIST_FILE = GodsEyeTests/Info.plist;
				LD_RUNPATH_SEARCH_PATHS = (
					"$(inherited)",
					"@executable_path/Frameworks",
					"@loader_path/Frameworks",
				);
				PRODUCT_BUNDLE_IDENTIFIER = com.ChaselAn.GodsEyeTests;
				PRODUCT_NAME = "$(TARGET_NAME)";
				SWIFT_VERSION = 5.0;
				TARGETED_DEVICE_FAMILY = "1,2";
				TEST_HOST = "$(BUILT_PRODUCTS_DIR)/APMDemo.app/APMDemo";
			};
			name = Release;
		};
/* End XCBuildConfiguration section */

/* Begin XCConfigurationList section */
		F1BA6EC924E633B800136F58 /* Build configuration list for PBXProject "APMDemo" */ = {
			isa = XCConfigurationList;
			buildConfigurations = (
				F1BA6EEB24E633BB00136F58 /* Debug */,
				F1BA6EEC24E633BB00136F58 /* Release */,
			);
			defaultConfigurationIsVisible = 0;
			defaultConfigurationName = Release;
		};
		F1BA6EED24E633BB00136F58 /* Build configuration list for PBXNativeTarget "APMDemo" */ = {
			isa = XCConfigurationList;
			buildConfigurations = (
				F1BA6EEE24E633BB00136F58 /* Debug */,
				F1BA6EEF24E633BB00136F58 /* Release */,
			);
			defaultConfigurationIsVisible = 0;
			defaultConfigurationName = Release;
		};
		F1BA6EF024E633BB00136F58 /* Build configuration list for PBXNativeTarget "APMDemoTests" */ = {
			isa = XCConfigurationList;
			buildConfigurations = (
				F1BA6EF124E633BB00136F58 /* Debug */,
				F1BA6EF224E633BB00136F58 /* Release */,
			);
			defaultConfigurationIsVisible = 0;
			defaultConfigurationName = Release;
		};
		F1BA6F0F24E6341300136F58 /* Build configuration list for PBXNativeTarget "GodsEye" */ = {
			isa = XCConfigurationList;
			buildConfigurations = (
				F1BA6F1024E6341300136F58 /* Debug */,
				F1BA6F1124E6341300136F58 /* Release */,
			);
			defaultConfigurationIsVisible = 0;
			defaultConfigurationName = Release;
		};
		F1BA6F1324E6341300136F58 /* Build configuration list for PBXNativeTarget "GodsEyeTests" */ = {
			isa = XCConfigurationList;
			buildConfigurations = (
				F1BA6F1424E6341300136F58 /* Debug */,
				F1BA6F1524E6341300136F58 /* Release */,
			);
			defaultConfigurationIsVisible = 0;
			defaultConfigurationName = Release;
		};
/* End XCConfigurationList section */
	};
	rootObject = F1BA6EC624E633B800136F58 /* Project object */;
}
